
Microsoft Visual Studio Solution File, Format Version 12.00
# Visual Studio 14
VisualStudioVersion = 14.0.23107.0
MinimumVisualStudioVersion = 10.0.40219.1
Project("{FAE04EC0-301F-11D3-BF4B-00C04F79EFBC}") = "MemberClient", "MemberClient\MemberClient.csproj", "{EB19BCB8-4A71-4C4C-9631-E6F3CA7CE9DB}"
EndProject
Project("{FAE04EC0-301F-11D3-BF4B-00C04F79EFBC}") = "AdminClient", "AdminClient\AdminClient.csproj", "{D5783D24-42E2-4CD9-A871-B63F288D0A05}"
	ProjectSection(ProjectDependencies) = postProject
		{9FF42EFD-9129-493B-B700-C5197078B98F} = {9FF42EFD-9129-493B-B700-C5197078B98F}
	EndProjectSection
EndProject
Project("{FAE04EC0-301F-11D3-BF4B-00C04F79EFBC}") = "UnitTest", "UnitTest\UnitTest.csproj", "{4737926E-0596-4E95-958F-CB9DA4AEC9C7}"
	ProjectSection(ProjectDependencies) = postProject
		{9FF42EFD-9129-493B-B700-C5197078B98F} = {9FF42EFD-9129-493B-B700-C5197078B98F}
	EndProjectSection
EndProject
Project("{FAE04EC0-301F-11D3-BF4B-00C04F79EFBC}") = "WCFBusinessLogic", "WCFBusinessLogic\WCFBusinessLogic.csproj", "{35E59F92-9111-40C3-A4C6-DB2E3FA4E8C8}"
EndProject
Project("{FAE04EC0-301F-11D3-BF4B-00C04F79EFBC}") = "WCFService", "WCFService\WCFService.csproj", "{9FF42EFD-9129-493B-B700-C5197078B98F}"
EndProject
Project("{FAE04EC0-301F-11D3-BF4B-00C04F79EFBC}") = "WCFUnitTest", "WCFUnitTest\WCFUnitTest.csproj", "{2588152C-16B9-4BB7-89C0-7B0AE9E03669}"
	ProjectSection(ProjectDependencies) = postProject
		{9FF42EFD-9129-493B-B700-C5197078B98F} = {9FF42EFD-9129-493B-B700-C5197078B98F}
	EndProjectSection
EndProject
Project("{FAE04EC0-301F-11D3-BF4B-00C04F79EFBC}") = "Common", "Common\Common.csproj", "{B86BBC24-8077-40C8-B02C-DDDFA75ECB7B}"
EndProject
Global
	GlobalSection(SolutionConfigurationPlatforms) = preSolution
		Debug|Any CPU = Debug|Any CPU
		Release|Any CPU = Release|Any CPU
	EndGlobalSection
	GlobalSection(ProjectConfigurationPlatforms) = postSolution
		{EB19BCB8-4A71-4C4C-9631-E6F3CA7CE9DB}.Debug|Any CPU.ActiveCfg = Debug|Any CPU
		{EB19BCB8-4A71-4C4C-9631-E6F3CA7CE9DB}.Debug|Any CPU.Build.0 = Debug|Any CPU
		{EB19BCB8-4A71-4C4C-9631-E6F3CA7CE9DB}.Release|Any CPU.ActiveCfg = Debug|Any CPU
		{D5783D24-42E2-4CD9-A871-B63F288D0A05}.Debug|Any CPU.ActiveCfg = Debug|Any CPU
		{D5783D24-42E2-4CD9-A871-B63F288D0A05}.Debug|Any CPU.Build.0 = Debug|Any CPU
		{D5783D24-42E2-4CD9-A871-B63F288D0A05}.Release|Any CPU.ActiveCfg = Debug|Any CPU
		{4737926E-0596-4E95-958F-CB9DA4AEC9C7}.Debug|Any CPU.ActiveCfg = Debug|Any CPU
		{4737926E-0596-4E95-958F-CB9DA4AEC9C7}.Debug|Any CPU.Build.0 = Debug|Any CPU
		{4737926E-0596-4E95-958F-CB9DA4AEC9C7}.Release|Any CPU.ActiveCfg = Debug|Any CPU
		{35E59F92-9111-40C3-A4C6-DB2E3FA4E8C8}.Debug|Any CPU.ActiveCfg = Debug|Any CPU
		{35E59F92-9111-40C3-A4C6-DB2E3FA4E8C8}.Debug|Any CPU.Build.0 = Debug|Any CPU
		{35E59F92-9111-40C3-A4C6-DB2E3FA4E8C8}.Release|Any CPU.ActiveCfg = Debug|Any CPU
		{9FF42EFD-9129-493B-B700-C5197078B98F}.Debug|Any CPU.ActiveCfg = Debug|Any CPU
		{9FF42EFD-9129-493B-B700-C5197078B98F}.Debug|Any CPU.Build.0 = Debug|Any CPU
		{9FF42EFD-9129-493B-B700-C5197078B98F}.Release|Any CPU.ActiveCfg = Debug|Any CPU
		{2588152C-16B9-4BB7-89C0-7B0AE9E03669}.Debug|Any CPU.ActiveCfg = Debug|Any CPU
		{2588152C-16B9-4BB7-89C0-7B0AE9E03669}.Debug|Any CPU.Build.0 = Debug|Any CPU
		{2588152C-16B9-4BB7-89C0-7B0AE9E03669}.Release|Any CPU.ActiveCfg = Release|Any CPU
		{2588152C-16B9-4BB7-89C0-7B0AE9E03669}.Release|Any CPU.Build.0 = Release|Any CPU
		{B86BBC24-8077-40C8-B02C-DDDFA75ECB7B}.Debug|Any CPU.ActiveCfg = Debug|Any CPU
		{B86BBC24-8077-40C8-B02C-DDDFA75ECB7B}.Debug|Any CPU.Build.0 = Debug|Any CPU
		{B86BBC24-8077-40C8-B02C-DDDFA75ECB7B}.Release|Any CPU.ActiveCfg = Release|Any CPU
		{B86BBC24-8077-40C8-B02C-DDDFA75ECB7B}.Release|Any CPU.Build.0 = Release|Any CPU
	EndGlobalSection
	GlobalSection(SolutionProperties) = preSolution
		HideSolutionNode = FALSE
	EndGlobalSection
EndGlobal
